// !$*UTF8*$!
{
	archiveVersion = 1;
	classes = {
	};
	objectVersion = 56;
	objects = {

/* Begin PBXBuildFile section */
		621A47512A7F1B2D0055B89F /* AppDelegate.swift in Sources */ = {isa = PBXBuildFile; fileRef = 621A47502A7F1B2D0055B89F /* AppDelegate.swift */; };
		621A47532A7F1B2D0055B89F /* SceneDelegate.swift in Sources */ = {isa = PBXBuildFile; fileRef = 621A47522A7F1B2D0055B89F /* SceneDelegate.swift */; };
		621A47552A7F1B2D0055B89F /* ViewController.swift in Sources */ = {isa = PBXBuildFile; fileRef = 621A47542A7F1B2D0055B89F /* ViewController.swift */; };
		621A47582A7F1B2D0055B89F /* Main.storyboard in Resources */ = {isa = PBXBuildFile; fileRef = 621A47562A7F1B2D0055B89F /* Main.storyboard */; };
		621A475B2A7F1B2D0055B89F /* PageControlFramework.xcdatamodeld in Sources */ = {isa = PBXBuildFile; fileRef = 621A47592A7F1B2D0055B89F /* PageControlFramework.xcdatamodeld */; };
		621A475D2A7F1B2E0055B89F /* Assets.xcassets in Resources */ = {isa = PBXBuildFile; fileRef = 621A475C2A7F1B2E0055B89F /* Assets.xcassets */; };
		621A47602A7F1B2E0055B89F /* LaunchScreen.storyboard in Resources */ = {isa = PBXBuildFile; fileRef = 621A475E2A7F1B2E0055B89F /* LaunchScreen.storyboard */; };
		621A476B2A7F1B2E0055B89F /* PageControlFrameworkTests.swift in Sources */ = {isa = PBXBuildFile; fileRef = 621A476A2A7F1B2E0055B89F /* PageControlFrameworkTests.swift */; };
		621A47752A7F1B2E0055B89F /* PageControlFrameworkUITests.swift in Sources */ = {isa = PBXBuildFile; fileRef = 621A47742A7F1B2E0055B89F /* PageControlFrameworkUITests.swift */; };
		621A47772A7F1B2E0055B89F /* PageControlFrameworkUITestsLaunchTests.swift in Sources */ = {isa = PBXBuildFile; fileRef = 621A47762A7F1B2E0055B89F /* PageControlFrameworkUITestsLaunchTests.swift */; };
/* End PBXBuildFile section */

/* Begin PBXContainerItemProxy section */
		621A47672A7F1B2E0055B89F /* PBXContainerItemProxy */ = {
			isa = PBXContainerItemProxy;
			containerPortal = 621A47452A7F1B2D0055B89F /* Project object */;
			proxyType = 1;
			remoteGlobalIDString = 621A474C2A7F1B2D0055B89F;
			remoteInfo = PageControlFramework;
		};
		621A47712A7F1B2E0055B89F /* PBXContainerItemProxy */ = {
			isa = PBXContainerItemProxy;
			containerPortal = 621A47452A7F1B2D0055B89F /* Project object */;
			proxyType = 1;
			remoteGlobalIDString = 621A474C2A7F1B2D0055B89F;
			remoteInfo = PageControlFramework;
		};
/* End PBXContainerItemProxy section */

/* Begin PBXFileReference section */
		621A474D2A7F1B2D0055B89F /* PageControlFramework.app */ = {isa = PBXFileReference; explicitFileType = wrapper.application; includeInIndex = 0; path = PageControlFramework.app; sourceTree = BUILT_PRODUCTS_DIR; };
		621A47502A7F1B2D0055B89F /* AppDelegate.swift */ = {isa = PBXFileReference; lastKnownFileType = sourcecode.swift; path = AppDelegate.swift; sourceTree = "<group>"; };
		621A47522A7F1B2D0055B89F /* SceneDelegate.swift */ = {isa = PBXFileReference; lastKnownFileType = sourcecode.swift; path = SceneDelegate.swift; sourceTree = "<group>"; };
		621A47542A7F1B2D0055B89F /* ViewController.swift */ = {isa = PBXFileReference; lastKnownFileType = sourcecode.swift; path = ViewController.swift; sourceTree = "<group>"; };
		621A47572A7F1B2D0055B89F /* Base */ = {isa = PBXFileReference; lastKnownFileType = file.storyboard; name = Base; path = Base.lproj/Main.storyboard; sourceTree = "<group>"; };
		621A475A2A7F1B2D0055B89F /* PageControlFramework.xcdatamodel */ = {isa = PBXFileReference; lastKnownFileType = wrapper.xcdatamodel; path = PageControlFramework.xcdatamodel; sourceTree = "<group>"; };
		621A475C2A7F1B2E0055B89F /* Assets.xcassets */ = {isa = PBXFileReference; lastKnownFileType = folder.assetcatalog; path = Assets.xcassets; sourceTree = "<group>"; };
		621A475F2A7F1B2E0055B89F /* Base */ = {isa = PBXFileReference; lastKnownFileType = file.storyboard; name = Base; path = Base.lproj/LaunchScreen.storyboard; sourceTree = "<group>"; };
		621A47612A7F1B2E0055B89F /* Info.plist */ = {isa = PBXFileReference; lastKnownFileType = text.plist.xml; path = Info.plist; sourceTree = "<group>"; };
		621A47662A7F1B2E0055B89F /* PageControlFrameworkTests.xctest */ = {isa = PBXFileReference; explicitFileType = wrapper.cfbundle; includeInIndex = 0; path = PageControlFrameworkTests.xctest; sourceTree = BUILT_PRODUCTS_DIR; };
		621A476A2A7F1B2E0055B89F /* PageControlFrameworkTests.swift */ = {isa = PBXFileReference; lastKnownFileType = sourcecode.swift; path = PageControlFrameworkTests.swift; sourceTree = "<group>"; };
		621A47702A7F1B2E0055B89F /* PageControlFrameworkUITests.xctest */ = {isa = PBXFileReference; explicitFileType = wrapper.cfbundle; includeInIndex = 0; path = PageControlFrameworkUITests.xctest; sourceTree = BUILT_PRODUCTS_DIR; };
		621A47742A7F1B2E0055B89F /* PageControlFrameworkUITests.swift */ = {isa = PBXFileReference; lastKnownFileType = sourcecode.swift; path = PageControlFrameworkUITests.swift; sourceTree = "<group>"; };
		621A47762A7F1B2E0055B89F /* PageControlFrameworkUITestsLaunchTests.swift */ = {isa = PBXFileReference; lastKnownFileType = sourcecode.swift; path = PageControlFrameworkUITestsLaunchTests.swift; sourceTree = "<group>"; };
/* End PBXFileReference section */

/* Begin PBXFrameworksBuildPhase section */
		621A474A2A7F1B2D0055B89F /* Frameworks */ = {
			isa = PBXFrameworksBuildPhase;
			buildActionMask = 2147483647;
			files = (
			);
			runOnlyForDeploymentPostprocessing = 0;
		};
		621A47632A7F1B2E0055B89F /* Frameworks */ = {
			isa = PBXFrameworksBuildPhase;
			buildActionMask = 2147483647;
			files = (
			);
			runOnlyForDeploymentPostprocessing = 0;
		};
		621A476D2A7F1B2E0055B89F /* Frameworks */ = {
			isa = PBXFrameworksBuildPhase;
			buildActionMask = 2147483647;
			files = (
			);
			runOnlyForDeploymentPostprocessing = 0;
		};
/* End PBXFrameworksBuildPhase section */

/* Begin PBXGroup section */
		621A47442A7F1B2D0055B89F = {
			isa = PBXGroup;
			children = (
				621A474F2A7F1B2D0055B89F /* PageControlFramework */,
				621A47692A7F1B2E0055B89F /* PageControlFrameworkTests */,
				621A47732A7F1B2E0055B89F /* PageControlFrameworkUITests */,
				621A474E2A7F1B2D0055B89F /* Products */,
			);
			sourceTree = "<group>";
		};
		621A474E2A7F1B2D0055B89F /* Products */ = {
			isa = PBXGroup;
			children = (
				621A474D2A7F1B2D0055B89F /* PageControlFramework.app */,
				621A47662A7F1B2E0055B89F /* PageControlFrameworkTests.xctest */,
				621A47702A7F1B2E0055B89F /* PageControlFrameworkUITests.xctest */,
			);
			name = Products;
			sourceTree = "<group>";
		};
		621A474F2A7F1B2D0055B89F /* PageControlFramework */ = {
			isa = PBXGroup;
			children = (
				621A47502A7F1B2D0055B89F /* AppDelegate.swift */,
				621A47522A7F1B2D0055B89F /* SceneDelegate.swift */,
				621A47542A7F1B2D0055B89F /* ViewController.swift */,
				621A47562A7F1B2D0055B89F /* Main.storyboard */,
				621A475C2A7F1B2E0055B89F /* Assets.xcassets */,
				621A475E2A7F1B2E0055B89F /* LaunchScreen.storyboard */,
				621A47612A7F1B2E0055B89F /* Info.plist */,
				621A47592A7F1B2D0055B89F /* PageControlFramework.xcdatamodeld */,
			);
			path = PageControlFramework;
			sourceTree = "<group>";
		};
		621A47692A7F1B2E0055B89F /* PageControlFrameworkTests */ = {
			isa = PBXGroup;
			children = (
				621A476A2A7F1B2E0055B89F /* PageControlFrameworkTests.swift */,
			);
			path = PageControlFrameworkTests;
			sourceTree = "<group>";
		};
		621A47732A7F1B2E0055B89F /* PageControlFrameworkUITests */ = {
			isa = PBXGroup;
			children = (
				621A47742A7F1B2E0055B89F /* PageControlFrameworkUITests.swift */,
				621A47762A7F1B2E0055B89F /* PageControlFrameworkUITestsLaunchTests.swift */,
			);
			path = PageControlFrameworkUITests;
			sourceTree = "<group>";
		};
/* End PBXGroup section */

/* Begin PBXNativeTarget section */
		621A474C2A7F1B2D0055B89F /* PageControlFramework */ = {
			isa = PBXNativeTarget;
			buildConfigurationList = 621A477A2A7F1B2E0055B89F /* Build configuration list for PBXNativeTarget "PageControlFramework" */;
			buildPhases = (
				621A47492A7F1B2D0055B89F /* Sources */,
				621A474A2A7F1B2D0055B89F /* Frameworks */,
				621A474B2A7F1B2D0055B89F /* Resources */,
			);
			buildRules = (
			);
			dependencies = (
			);
			name = PageControlFramework;
			productName = PageControlFramework;
			productReference = 621A474D2A7F1B2D0055B89F /* PageControlFramework.app */;
			productType = "com.apple.product-type.application";
		};
		621A47652A7F1B2E0055B89F /* PageControlFrameworkTests */ = {
			isa = PBXNativeTarget;
			buildConfigurationList = 621A477D2A7F1B2E0055B89F /* Build configuration list for PBXNativeTarget "PageControlFrameworkTests" */;
			buildPhases = (
				621A47622A7F1B2E0055B89F /* Sources */,
				621A47632A7F1B2E0055B89F /* Frameworks */,
				621A47642A7F1B2E0055B89F /* Resources */,
			);
			buildRules = (
			);
			dependencies = (
				621A47682A7F1B2E0055B89F /* PBXTargetDependency */,
			);
			name = PageControlFrameworkTests;
			productName = PageControlFrameworkTests;
			productReference = 621A47662A7F1B2E0055B89F /* PageControlFrameworkTests.xctest */;
			productType = "com.apple.product-type.bundle.unit-test";
		};
		621A476F2A7F1B2E0055B89F /* PageControlFrameworkUITests */ = {
			isa = PBXNativeTarget;
			buildConfigurationList = 621A47802A7F1B2E0055B89F /* Build configuration list for PBXNativeTarget "PageControlFrameworkUITests" */;
			buildPhases = (
				621A476C2A7F1B2E0055B89F /* Sources */,
				621A476D2A7F1B2E0055B89F /* Frameworks */,
				621A476E2A7F1B2E0055B89F /* Resources */,
			);
			buildRules = (
			);
			dependencies = (
				621A47722A7F1B2E0055B89F /* PBXTargetDependency */,
			);
			name = PageControlFrameworkUITests;
			productName = PageControlFrameworkUITests;
			productReference = 621A47702A7F1B2E0055B89F /* PageControlFrameworkUITests.xctest */;
			productType = "com.apple.product-type.bundle.ui-testing";
		};
/* End PBXNativeTarget section */

/* Begin PBXProject section */
		621A47452A7F1B2D0055B89F /* Project object */ = {
			isa = PBXProject;
			attributes = {
				BuildIndependentTargetsInParallel = 1;
				LastSwiftUpdateCheck = 1430;
				LastUpgradeCheck = 1430;
				TargetAttributes = {
					621A474C2A7F1B2D0055B89F = {
						CreatedOnToolsVersion = 14.3.1;
					};
					621A47652A7F1B2E0055B89F = {
						CreatedOnToolsVersion = 14.3.1;
						TestTargetID = 621A474C2A7F1B2D0055B89F;
					};
					621A476F2A7F1B2E0055B89F = {
						CreatedOnToolsVersion = 14.3.1;
						TestTargetID = 621A474C2A7F1B2D0055B89F;
					};
				};
			};
			buildConfigurationList = 621A47482A7F1B2D0055B89F /* Build configuration list for PBXProject "PageControlFramework" */;
			compatibilityVersion = "Xcode 14.0";
			developmentRegion = en;
			hasScannedForEncodings = 0;
			knownRegions = (
				en,
				Base,
			);
			mainGroup = 621A47442A7F1B2D0055B89F;
			productRefGroup = 621A474E2A7F1B2D0055B89F /* Products */;
			projectDirPath = "";
			projectRoot = "";
			targets = (
				621A474C2A7F1B2D0055B89F /* PageControlFramework */,
				621A47652A7F1B2E0055B89F /* PageControlFrameworkTests */,
				621A476F2A7F1B2E0055B89F /* PageControlFrameworkUITests */,
			);
		};
/* End PBXProject section */

/* Begin PBXResourcesBuildPhase section */
		621A474B2A7F1B2D0055B89F /* Resources */ = {
			isa = PBXResourcesBuildPhase;
			buildActionMask = 2147483647;
			files = (
				621A47602A7F1B2E0055B89F /* LaunchScreen.storyboard in Resources */,
				621A475D2A7F1B2E0055B89F /* Assets.xcassets in Resources */,
				621A47582A7F1B2D0055B89F /* Main.storyboard in Resources */,
			);
			runOnlyForDeploymentPostprocessing = 0;
		};
		621A47642A7F1B2E0055B89F /* Resources */ = {
			isa = PBXResourcesBuildPhase;
			buildActionMask = 2147483647;
			files = (
			);
			runOnlyForDeploymentPostprocessing = 0;
		};
		621A476E2A7F1B2E0055B89F /* Resources */ = {
			isa = PBXResourcesBuildPhase;
			buildActionMask = 2147483647;
			files = (
			);
			runOnlyForDeploymentPostprocessing = 0;
		};
/* End PBXResourcesBuildPhase section */

/* Begin PBXSourcesBuildPhase section */
		621A47492A7F1B2D0055B89F /* Sources */ = {
			isa = PBXSourcesBuildPhase;
			buildActionMask = 2147483647;
			files = (
				621A47552A7F1B2D0055B89F /* ViewController.swift in Sources */,
				621A47512A7F1B2D0055B89F /* AppDelegate.swift in Sources */,
				621A47532A7F1B2D0055B89F /* SceneDelegate.swift in Sources */,
				621A475B2A7F1B2D0055B89F /* PageControlFramework.xcdatamodeld in Sources */,
			);
			runOnlyForDeploymentPostprocessing = 0;
		};
		621A47622A7F1B2E0055B89F /* Sources */ = {
			isa = PBXSourcesBuildPhase;
			buildActionMask = 2147483647;
			files = (
				621A476B2A7F1B2E0055B89F /* PageControlFrameworkTests.swift in Sources */,
			);
			runOnlyForDeploymentPostprocessing = 0;
		};
		621A476C2A7F1B2E0055B89F /* Sources */ = {
			isa = PBXSourcesBuildPhase;
			buildActionMask = 2147483647;
			files = (
				621A47772A7F1B2E0055B89F /* PageControlFrameworkUITestsLaunchTests.swift in Sources */,
				621A47752A7F1B2E0055B89F /* PageControlFrameworkUITests.swift in Sources */,
			);
			runOnlyForDeploymentPostprocessing = 0;
		};
/* End PBXSourcesBuildPhase section */

/* Begin PBXTargetDependency section */
		621A47682A7F1B2E0055B89F /* PBXTargetDependency */ = {
			isa = PBXTargetDependency;
			target = 621A474C2A7F1B2D0055B89F /* PageControlFramework */;
			targetProxy = 621A47672A7F1B2E0055B89F /* PBXContainerItemProxy */;
		};
		621A47722A7F1B2E0055B89F /* PBXTargetDependency */ = {
			isa = PBXTargetDependency;
			target = 621A474C2A7F1B2D0055B89F /* PageControlFramework */;
			targetProxy = 621A47712A7F1B2E0055B89F /* PBXContainerItemProxy */;
		};
/* End PBXTargetDependency section */

/* Begin PBXVariantGroup section */
		621A47562A7F1B2D0055B89F /* Main.storyboard */ = {
			isa = PBXVariantGroup;
			children = (
				621A47572A7F1B2D0055B89F /* Base */,
			);
			name = Main.storyboard;
			sourceTree = "<group>";
		};
		621A475E2A7F1B2E0055B89F /* LaunchScreen.storyboard */ = {
			isa = PBXVariantGroup;
			children = (
				621A475F2A7F1B2E0055B89F /* Base */,
			);
			name = LaunchScreen.storyboard;
			sourceTree = "<group>";
		};
/* End PBXVariantGroup section */

/* Begin XCBuildConfiguration section */
		621A47782A7F1B2E0055B89F /* Debug */ = {
			isa = XCBuildConfiguration;
			buildSettings = {
				ALWAYS_SEARCH_USER_PATHS = NO;
				CLANG_ANALYZER_NONNULL = YES;
				CLANG_ANALYZER_NUMBER_OBJECT_CONVERSION = YES_AGGRESSIVE;
				CLANG_CXX_LANGUAGE_STANDARD = "gnu++20";
				CLANG_ENABLE_MODULES = YES;
				CLANG_ENABLE_OBJC_ARC = YES;
				CLANG_ENABLE_OBJC_WEAK = YES;
				CLANG_WARN_BLOCK_CAPTURE_AUTORELEASING = YES;
				CLANG_WARN_BOOL_CONVERSION = YES;
				CLANG_WARN_COMMA = YES;
				CLANG_WARN_CONSTANT_CONVERSION = YES;
				CLANG_WARN_DEPRECATED_OBJC_IMPLEMENTATIONS = YES;
				CLANG_WARN_DIRECT_OBJC_ISA_USAGE = YES_ERROR;
				CLANG_WARN_DOCUMENTATION_COMMENTS = YES;
				CLANG_WARN_EMPTY_BODY = YES;
				CLANG_WARN_ENUM_CONVERSION = YES;
				CLANG_WARN_INFINITE_RECURSION = YES;
				CLANG_WARN_INT_CONVERSION = YES;
				CLANG_WARN_NON_LITERAL_NULL_CONVERSION = YES;
				CLANG_WARN_OBJC_IMPLICIT_RETAIN_SELF = YES;
				CLANG_WARN_OBJC_LITERAL_CONVERSION = YES;
				CLANG_WARN_OBJC_ROOT_CLASS = YES_ERROR;
				CLANG_WARN_QUOTED_INCLUDE_IN_FRAMEWORK_HEADER = YES;
				CLANG_WARN_RANGE_LOOP_ANALYSIS = YES;
				CLANG_WARN_STRICT_PROTOTYPES = YES;
				CLANG_WARN_SUSPICIOUS_MOVE = YES;
				CLANG_WARN_UNGUARDED_AVAILABILITY = YES_AGGRESSIVE;
				CLANG_WARN_UNREACHABLE_CODE = YES;
				CLANG_WARN__DUPLICATE_METHOD_MATCH = YES;
				COPY_PHASE_STRIP = NO;
				DEBUG_INFORMATION_FORMAT = dwarf;
				ENABLE_STRICT_OBJC_MSGSEND = YES;
				ENABLE_TESTABILITY = YES;
				GCC_C_LANGUAGE_STANDARD = gnu11;
				GCC_DYNAMIC_NO_PIC = NO;
				GCC_NO_COMMON_BLOCKS = YES;
				GCC_OPTIMIZATION_LEVEL = 0;
				GCC_PREPROCESSOR_DEFINITIONS = (
					"DEBUG=1",
					"$(inherited)",
				);
				GCC_WARN_64_TO_32_BIT_CONVERSION = YES;
				GCC_WARN_ABOUT_RETURN_TYPE = YES_ERROR;
				GCC_WARN_UNDECLARED_SELECTOR = YES;
				GCC_WARN_UNINITIALIZED_AUTOS = YES_AGGRESSIVE;
				GCC_WARN_UNUSED_FUNCTION = YES;
				GCC_WARN_UNUSED_VARIABLE = YES;
				IPHONEOS_DEPLOYMENT_TARGET = 16.4;
				MTL_ENABLE_DEBUG_INFO = INCLUDE_SOURCE;
				MTL_FAST_MATH = YES;
				ONLY_ACTIVE_ARCH = YES;
				SDKROOT = iphoneos;
				SWIFT_ACTIVE_COMPILATION_CONDITIONS = DEBUG;
				SWIFT_OPTIMIZATION_LEVEL = "-Onone";
			};
			name = Debug;
		};
		621A47792A7F1B2E0055B89F /* Release */ = {
			isa = XCBuildConfiguration;
			buildSettings = {
				ALWAYS_SEARCH_USER_PATHS = NO;
				CLANG_ANALYZER_NONNULL = YES;
				CLANG_ANALYZER_NUMBER_OBJECT_CONVERSION = YES_AGGRESSIVE;
				CLANG_CXX_LANGUAGE_STANDARD = "gnu++20";
				CLANG_ENABLE_MODULES = YES;
				CLANG_ENABLE_OBJC_ARC = YES;
				CLANG_ENABLE_OBJC_WEAK = YES;
				CLANG_WARN_BLOCK_CAPTURE_AUTORELEASING = YES;
				CLANG_WARN_BOOL_CONVERSION = YES;
				CLANG_WARN_COMMA = YES;
				CLANG_WARN_CONSTANT_CONVERSION = YES;
				CLANG_WARN_DEPRECATED_OBJC_IMPLEMENTATIONS = YES;
				CLANG_WARN_DIRECT_OBJC_ISA_USAGE = YES_ERROR;
				CLANG_WARN_DOCUMENTATION_COMMENTS = YES;
				CLANG_WARN_EMPTY_BODY = YES;
				CLANG_WARN_ENUM_CONVERSION = YES;
				CLANG_WARN_INFINITE_RECURSION = YES;
				CLANG_WARN_INT_CONVERSION = YES;
				CLANG_WARN_NON_LITERAL_NULL_CONVERSION = YES;
				CLANG_WARN_OBJC_IMPLICIT_RETAIN_SELF = YES;
				CLANG_WARN_OBJC_LITERAL_CONVERSION = YES;
				CLANG_WARN_OBJC_ROOT_CLASS = YES_ERROR;
				CLANG_WARN_QUOTED_INCLUDE_IN_FRAMEWORK_HEADER = YES;
				CLANG_WARN_RANGE_LOOP_ANALYSIS = YES;
				CLANG_WARN_STRICT_PROTOTYPES = YES;
				CLANG_WARN_SUSPICIOUS_MOVE = YES;
				CLANG_WARN_UNGUARDED_AVAILABILITY = YES_AGGRESSIVE;
				CLANG_WARN_UNREACHABLE_CODE = YES;
				CLANG_WARN__DUPLICATE_METHOD_MATCH = YES;
				COPY_PHASE_STRIP = NO;
				DEBUG_INFORMATION_FORMAT = "dwarf-with-dsym";
				ENABLE_NS_ASSERTIONS = NO;
				ENABLE_STRICT_OBJC_MSGSEND = YES;
				GCC_C_LANGUAGE_STANDARD = gnu11;
				GCC_NO_COMMON_BLOCKS = YES;
				GCC_WARN_64_TO_32_BIT_CONVERSION = YES;
				GCC_WARN_ABOUT_RETURN_TYPE = YES_ERROR;
				GCC_WARN_UNDECLARED_SELECTOR = YES;
				GCC_WARN_UNINITIALIZED_AUTOS = YES_AGGRESSIVE;
				GCC_WARN_UNUSED_FUNCTION = YES;
				GCC_WARN_UNUSED_VARIABLE = YES;
				IPHONEOS_DEPLOYMENT_TARGET = 16.4;
				MTL_ENABLE_DEBUG_INFO = NO;
				MTL_FAST_MATH = YES;
				SDKROOT = iphoneos;
				SWIFT_COMPILATION_MODE = wholemodule;
				SWIFT_OPTIMIZATION_LEVEL = "-O";
				VALIDATE_PRODUCT = YES;
			};
			name = Release;
		};
		621A477B2A7F1B2E0055B89F /* Debug */ = {
			isa = XCBuildConfiguration;
			buildSettings = {
				ASSETCATALOG_COMPILER_APPICON_NAME = AppIcon;
				ASSETCATALOG_COMPILER_GLOBAL_ACCENT_COLOR_NAME = AccentColor;
				CODE_SIGN_STYLE = Automatic;
				CURRENT_PROJECT_VERSION = 1;
				DEVELOPMENT_TEAM = 3GT25T74C9;
				GENERATE_INFOPLIST_FILE = YES;
				INFOPLIST_FILE = PageControlFramework/Info.plist;
				INFOPLIST_KEY_UIApplicationSupportsIndirectInputEvents = YES;
				INFOPLIST_KEY_UILaunchStoryboardName = LaunchScreen;
				INFOPLIST_KEY_UIMainStoryboardFile = Main;
				INFOPLIST_KEY_UISupportedInterfaceOrientations_iPad = "UIInterfaceOrientationPortrait UIInterfaceOrientationPortraitUpsideDown UIInterfaceOrientationLandscapeLeft UIInterfaceOrientationLandscapeRight";
				INFOPLIST_KEY_UISupportedInterfaceOrientations_iPhone = "UIInterfaceOrientationPortrait UIInterfaceOrientationLandscapeLeft UIInterfaceOrientationLandscapeRight";
				LD_RUNPATH_SEARCH_PATHS = (
					"$(inherited)",
					"@executable_path/Frameworks",
				);
				MARKETING_VERSION = 1.0;
				PRODUCT_BUNDLE_IDENTIFIER = learningPageController.PageControlFramework;
				PRODUCT_NAME = "$(TARGET_NAME)";
				SWIFT_EMIT_LOC_STRINGS = YES;
				SWIFT_VERSION = 5.0;
				TARGETED_DEVICE_FAMILY = "1,2";
			};
			name = Debug;
		};
		621A477C2A7F1B2E0055B89F /* Release */ = {
			isa = XCBuildConfiguration;
			buildSettings = {
				ASSETCATALOG_COMPILER_APPICON_NAME = AppIcon;
				ASSETCATALOG_COMPILER_GLOBAL_ACCENT_COLOR_NAME = AccentColor;
				CODE_SIGN_STYLE = Automatic;
				CURRENT_PROJECT_VERSION = 1;
				DEVELOPMENT_TEAM = 3GT25T74C9;
				GENERATE_INFOPLIST_FILE = YES;
				INFOPLIST_FILE = PageControlFramework/Info.plist;
				INFOPLIST_KEY_UIApplicationSupportsIndirectInputEvents = YES;
				INFOPLIST_KEY_UILaunchStoryboardName = LaunchScreen;
				INFOPLIST_KEY_UIMainStoryboardFile = Main;
				INFOPLIST_KEY_UISupportedInterfaceOrientations_iPad = "UIInterfaceOrientationPortrait UIInterfaceOrientationPortraitUpsideDown UIInterfaceOrientationLandscapeLeft UIInterfaceOrientationLandscapeRight";
				INFOPLIST_KEY_UISupportedInterfaceOrientations_iPhone = "UIInterfaceOrientationPortrait UIInterfaceOrientationLandscapeLeft UIInterfaceOrientationLandscapeRight";
				LD_RUNPATH_SEARCH_PATHS = (
					"$(inherited)",
					"@executable_path/Frameworks",
				);
				MARKETING_VERSION = 1.0;
				PRODUCT_BUNDLE_IDENTIFIER = learningPageController.PageControlFramework;
				PRODUCT_NAME = "$(TARGET_NAME)";
				SWIFT_EMIT_LOC_STRINGS = YES;
				SWIFT_VERSION = 5.0;
				TARGETED_DEVICE_FAMILY = "1,2";
			};
			name = Release;
		};
		621A477E2A7F1B2E0055B89F /* Debug */ = {
			isa = XCBuildConfiguration;
			buildSettings = {
				ALWAYS_EMBED_SWIFT_STANDARD_LIBRARIES = YES;
				BUNDLE_LOADER = "$(TEST_HOST)";
				CODE_SIGN_STYLE = Automatic;
				CURRENT_PROJECT_VERSION = 1;
				DEVELOPMENT_TEAM = 3GT25T74C9;
				GENERATE_INFOPLIST_FILE = YES;
				IPHONEOS_DEPLOYMENT_TARGET = 16.4;
				MARKETING_VERSION = 1.0;
				PRODUCT_BUNDLE_IDENTIFIER = learningPageController.PageControlFrameworkTests;
				PRODUCT_NAME = "$(TARGET_NAME)";
				SWIFT_EMIT_LOC_STRINGS = NO;
				SWIFT_VERSION = 5.0;
				TARGETED_DEVICE_FAMILY = "1,2";
				TEST_HOST = "$(BUILT_PRODUCTS_DIR)/PageControlFramework.app/$(BUNDLE_EXECUTABLE_FOLDER_PATH)/PageControlFramework";
			};
			name = Debug;
		};
		621A477F2A7F1B2E0055B89F /* Release */ = {
			isa = XCBuildConfiguration;
			buildSettings = {
				ALWAYS_EMBED_SWIFT_STANDARD_LIBRARIES = YES;
				BUNDLE_LOADER = "$(TEST_HOST)";
				CODE_SIGN_STYLE = Automatic;
				CURRENT_PROJECT_VERSION = 1;
				DEVELOPMENT_TEAM = 3GT25T74C9;
				GENERATE_INFOPLIST_FILE = YES;
				IPHONEOS_DEPLOYMENT_TARGET = 16.4;
				MARKETING_VERSION = 1.0;
				PRODUCT_BUNDLE_IDENTIFIER = learningPageController.PageControlFrameworkTests;
				PRODUCT_NAME = "$(TARGET_NAME)";
				SWIFT_EMIT_LOC_STRINGS = NO;
				SWIFT_VERSION = 5.0;
				TARGETED_DEVICE_FAMILY = "1,2";
				TEST_HOST = "$(BUILT_PRODUCTS_DIR)/PageControlFramework.app/$(BUNDLE_EXECUTABLE_FOLDER_PATH)/PageControlFramework";
			};
			name = Release;
		};
		621A47812A7F1B2E0055B89F /* Debug */ = {
			isa = XCBuildConfiguration;
			buildSettings = {
				ALWAYS_EMBED_SWIFT_STANDARD_LIBRARIES = YES;
				CODE_SIGN_STYLE = Automatic;
				CURRENT_PROJECT_VERSION = 1;
				DEVELOPMENT_TEAM = 3GT25T74C9;
				GENERATE_INFOPLIST_FILE = YES;
				MARKETING_VERSION = 1.0;
				PRODUCT_BUNDLE_IDENTIFIER = learningPageController.PageControlFrameworkUITests;
				PRODUCT_NAME = "$(TARGET_NAME)";
				SWIFT_EMIT_LOC_STRINGS = NO;
				SWIFT_VERSION = 5.0;
				TARGETED_DEVICE_FAMILY = "1,2";
				TEST_TARGET_NAME = PageControlFramework;
			};
			name = Debug;
		};
		621A47822A7F1B2E0055B89F /* Release */ = {
			isa = XCBuildConfiguration;
			buildSettings = {
				ALWAYS_EMBED_SWIFT_STANDARD_LIBRARIES = YES;
				CODE_SIGN_STYLE = Automatic;
				CURRENT_PROJECT_VERSION = 1;
				DEVELOPMENT_TEAM = 3GT25T74C9;
				GENERATE_INFOPLIST_FILE = YES;
				MARKETING_VERSION = 1.0;
				PRODUCT_BUNDLE_IDENTIFIER = learningPageController.PageControlFrameworkUITests;
				PRODUCT_NAME = "$(TARGET_NAME)";
				SWIFT_EMIT_LOC_STRINGS = NO;
				SWIFT_VERSION = 5.0;
				TARGETED_DEVICE_FAMILY = "1,2";
				TEST_TARGET_NAME = PageControlFramework;
			};
			name = Release;
		};
/* End XCBuildConfiguration section */

/* Begin XCConfigurationList section */
		621A47482A7F1B2D0055B89F /* Build configuration list for PBXProject "PageControlFramework" */ = {
			isa = XCConfigurationList;
			buildConfigurations = (
				621A47782A7F1B2E0055B89F /* Debug */,
				621A47792A7F1B2E0055B89F /* Release */,
			);
			defaultConfigurationIsVisible = 0;
			defaultConfigurationName = Release;
		};
		621A477A2A7F1B2E0055B89F /* Build configuration list for PBXNativeTarget "PageControlFramework" */ = {
			isa = XCConfigurationList;
			buildConfigurations = (
				621A477B2A7F1B2E0055B89F /* Debug */,
				621A477C2A7F1B2E0055B89F /* Release */,
			);
			defaultConfigurationIsVisible = 0;
			defaultConfigurationName = Release;
		};
		621A477D2A7F1B2E0055B89F /* Build configuration list for PBXNativeTarget "PageControlFrameworkTests" */ = {
			isa = XCConfigurationList;
			buildConfigurations = (
				621A477E2A7F1B2E0055B89F /* Debug */,
				621A477F2A7F1B2E0055B89F /* Release */,
			);
			defaultConfigurationIsVisible = 0;
			defaultConfigurationName = Release;
		};
		621A47802A7F1B2E0055B89F /* Build configuration list for PBXNativeTarget "PageControlFrameworkUITests" */ = {
			isa = XCConfigurationList;
			buildConfigurations = (
				621A47812A7F1B2E0055B89F /* Debug */,
				621A47822A7F1B2E0055B89F /* Release */,
			);
			defaultConfigurationIsVisible = 0;
			defaultConfigurationName = Release;
		};
/* End XCConfigurationList section */

/* Begin XCVersionGroup section */
		621A47592A7F1B2D0055B89F /* PageControlFramework.xcdatamodeld */ = {
			isa = XCVersionGroup;
			children = (
				621A475A2A7F1B2D0055B89F /* PageControlFramework.xcdatamodel */,
			);
			currentVersion = 621A475A2A7F1B2D0055B89F /* PageControlFramework.xcdatamodel */;
			path = PageControlFramework.xcdatamodeld;
			sourceTree = "<group>";
			versionGroupType = wrapper.xcdatamodel;
		};
/* End XCVersionGroup section */
	};
	rootObject = 621A47452A7F1B2D0055B89F /* Project object */;
}
